// !$*UTF8*$!
{
	archiveVersion = 1;
	classes = {
	};
	objectVersion = 56;
	objects = {

/* Begin PBXBuildFile section */
		A60000000000000000000001 /* ArchiveBatchExtractor.swift in Sources */ = {isa = PBXBuildFile; fileRef = A50000000000000000000001 /* ArchiveBatchExtractor.swift */; };
		A60000000000000000000002 /* ArchiveEntry.swift in Sources */ = {isa = PBXBuildFile; fileRef = A50000000000000000000002 /* ArchiveEntry.swift */; };
		A60000000000000000000003 /* ArchiveFormat.swift in Sources */ = {isa = PBXBuildFile; fileRef = A50000000000000000000003 /* ArchiveFormat.swift */; };
		A60000000000000000000004 /* ArchiveService.swift in Sources */ = {isa = PBXBuildFile; fileRef = A50000000000000000000004 /* ArchiveService.swift */; };
		A60000000000000000000005 /* CompressionSettings.swift in Sources */ = {isa = PBXBuildFile; fileRef = A50000000000000000000005 /* CompressionSettings.swift */; };
		A60000000000000000000006 /* ShellArchiveService.swift in Sources */ = {isa = PBXBuildFile; fileRef = A50000000000000000000006 /* ShellArchiveService.swift */; };
		A60000000000000000000007 /* FinderActionRequest.swift in Sources */ = {isa = PBXBuildFile; fileRef = A50000000000000000000007 /* FinderActionRequest.swift */; };
		A60000000000000000000008 /* ArchiveViewModel.swift in Sources */ = {isa = PBXBuildFile; fileRef = A50000000000000000000008 /* ArchiveViewModel.swift */; };
		A60000000000000000000009 /* ContentView.swift in Sources */ = {isa = PBXBuildFile; fileRef = A50000000000000000000009 /* ContentView.swift */; };
		A6000000000000000000000A /* FinderActionRouter.swift in Sources */ = {isa = PBXBuildFile; fileRef = A5000000000000000000000A /* FinderActionRouter.swift */; };
		A6000000000000000000000B /* FinderIntegrationSettingsView.swift in Sources */ = {isa = PBXBuildFile; fileRef = A5000000000000000000000B /* FinderIntegrationSettingsView.swift */; };
		A6000000000000000000000C /* FinderNotificationService.swift in Sources */ = {isa = PBXBuildFile; fileRef = A5000000000000000000000C /* FinderNotificationService.swift */; };
		A6000000000000000000000D /* TuckByteApp.swift in Sources */ = {isa = PBXBuildFile; fileRef = A5000000000000000000000D /* TuckByteApp.swift */; };
		A6000000000000000000000E /* main.swift in Sources */ = {isa = PBXBuildFile; fileRef = A5000000000000000000000E /* main.swift */; };
		A6000000000000000000000F /* FinderSync.swift in Sources */ = {isa = PBXBuildFile; fileRef = A5000000000000000000000F /* FinderSync.swift */; };
		A60000000000000000000010 /* libTuckByteCore.a in Frameworks */ = {isa = PBXBuildFile; fileRef = A50000000000000000000014 /* libTuckByteCore.a */; };
		A60000000000000000000011 /* libTuckByteIntegration.a in Frameworks */ = {isa = PBXBuildFile; fileRef = A50000000000000000000015 /* libTuckByteIntegration.a */; };
		A60000000000000000000012 /* libTuckByteIntegration.a in Frameworks */ = {isa = PBXBuildFile; fileRef = A50000000000000000000015 /* libTuckByteIntegration.a */; };
		A60000000000000000000013 /* TuckByteFinderSync.appex in Embed App Extensions */ = {isa = PBXBuildFile; fileRef = A50000000000000000000017 /* TuckByteFinderSync.appex */; settings = {ATTRIBUTES = (RemoveHeadersOnCopy, CodeSignOnCopy, ); }; };
		A60000000000000000000014 /* ArchiveInPlaceCompressor.swift in Sources */ = {isa = PBXBuildFile; fileRef = A50000000000000000000018 /* ArchiveInPlaceCompressor.swift */; };
/* End PBXBuildFile section */

/* Begin PBXContainerItemProxy section */
		A70000000000000000000001 /* PBXContainerItemProxy */ = {isa = PBXContainerItemProxy; containerPortal = A10000000000000000000001 /* Project object */; proxyType = 1; remoteGlobalIDString = A30000000000000000000001; remoteInfo = TuckByteCore; };
		A70000000000000000000002 /* PBXContainerItemProxy */ = {isa = PBXContainerItemProxy; containerPortal = A10000000000000000000001 /* Project object */; proxyType = 1; remoteGlobalIDString = A30000000000000000000002; remoteInfo = TuckByteIntegration; };
		A70000000000000000000003 /* PBXContainerItemProxy */ = {isa = PBXContainerItemProxy; containerPortal = A10000000000000000000001 /* Project object */; proxyType = 1; remoteGlobalIDString = A30000000000000000000004; remoteInfo = TuckByteFinderSync; };
		A70000000000000000000004 /* PBXContainerItemProxy */ = {isa = PBXContainerItemProxy; containerPortal = A10000000000000000000001 /* Project object */; proxyType = 1; remoteGlobalIDString = A30000000000000000000002; remoteInfo = TuckByteIntegration; };
/* End PBXContainerItemProxy section */

/* Begin PBXCopyFilesBuildPhase section */
		A40000000000000000000006 /* Embed App Extensions */ = {
			isa = PBXCopyFilesBuildPhase;
			buildActionMask = 2147483647;
			dstPath = "";
			dstSubfolderSpec = 13;
			files = (
				A60000000000000000000013 /* TuckByteFinderSync.appex in Embed App Extensions */,
			);
			name = "Embed App Extensions";
			runOnlyForDeploymentPostprocessing = 0;
		};
/* End PBXCopyFilesBuildPhase section */

/* Begin PBXFileReference section */
		A50000000000000000000001 /* ArchiveBatchExtractor.swift */ = {isa = PBXFileReference; lastKnownFileType = sourcecode.swift; path = ArchiveBatchExtractor.swift; sourceTree = "<group>"; };
		A50000000000000000000002 /* ArchiveEntry.swift */ = {isa = PBXFileReference; lastKnownFileType = sourcecode.swift; path = ArchiveEntry.swift; sourceTree = "<group>"; };
		A50000000000000000000003 /* ArchiveFormat.swift */ = {isa = PBXFileReference; lastKnownFileType = sourcecode.swift; path = ArchiveFormat.swift; sourceTree = "<group>"; };
		A50000000000000000000004 /* ArchiveService.swift */ = {isa = PBXFileReference; lastKnownFileType = sourcecode.swift; path = ArchiveService.swift; sourceTree = "<group>"; };
		A50000000000000000000005 /* CompressionSettings.swift */ = {isa = PBXFileReference; lastKnownFileType = sourcecode.swift; path = CompressionSettings.swift; sourceTree = "<group>"; };
		A50000000000000000000006 /* ShellArchiveService.swift */ = {isa = PBXFileReference; lastKnownFileType = sourcecode.swift; path = ShellArchiveService.swift; sourceTree = "<group>"; };
		A50000000000000000000007 /* FinderActionRequest.swift */ = {isa = PBXFileReference; lastKnownFileType = sourcecode.swift; path = FinderActionRequest.swift; sourceTree = "<group>"; };
		A50000000000000000000008 /* ArchiveViewModel.swift */ = {isa = PBXFileReference; lastKnownFileType = sourcecode.swift; path = ArchiveViewModel.swift; sourceTree = "<group>"; };
		A50000000000000000000009 /* ContentView.swift */ = {isa = PBXFileReference; lastKnownFileType = sourcecode.swift; path = ContentView.swift; sourceTree = "<group>"; };
		A5000000000000000000000A /* FinderActionRouter.swift */ = {isa = PBXFileReference; lastKnownFileType = sourcecode.swift; path = FinderActionRouter.swift; sourceTree = "<group>"; };
		A5000000000000000000000B /* FinderIntegrationSettingsView.swift */ = {isa = PBXFileReference; lastKnownFileType = sourcecode.swift; path = FinderIntegrationSettingsView.swift; sourceTree = "<group>"; };
		A5000000000000000000000C /* FinderNotificationService.swift */ = {isa = PBXFileReference; lastKnownFileType = sourcecode.swift; path = FinderNotificationService.swift; sourceTree = "<group>"; };
		A5000000000000000000000D /* TuckByteApp.swift */ = {isa = PBXFileReference; lastKnownFileType = sourcecode.swift; path = TuckByteApp.swift; sourceTree = "<group>"; };
		A5000000000000000000000E /* main.swift */ = {isa = PBXFileReference; lastKnownFileType = sourcecode.swift; path = main.swift; sourceTree = "<group>"; };
		A5000000000000000000000F /* FinderSync.swift */ = {isa = PBXFileReference; lastKnownFileType = sourcecode.swift; path = FinderSync.swift; sourceTree = "<group>"; };
		A50000000000000000000010 /* TuckByte-Info.plist */ = {isa = PBXFileReference; lastKnownFileType = text.plist.xml; path = "TuckByte-Info.plist"; sourceTree = "<group>"; };
		A50000000000000000000011 /* TuckByteFinderSync-Info.plist */ = {isa = PBXFileReference; lastKnownFileType = text.plist.xml; path = "TuckByteFinderSync-Info.plist"; sourceTree = "<group>"; };
		A50000000000000000000012 /* TuckByteFinderSync.entitlements */ = {isa = PBXFileReference; lastKnownFileType = text.plist.entitlements; path = TuckByteFinderSync.entitlements; sourceTree = "<group>"; };
		A50000000000000000000013 /* AppIcon.png */ = {isa = PBXFileReference; lastKnownFileType = image.png; path = AppIcon.png; sourceTree = "<group>"; };
		A50000000000000000000014 /* libTuckByteCore.a */ = {isa = PBXFileReference; explicitFileType = archive.ar; includeInIndex = 0; path = libTuckByteCore.a; sourceTree = BUILT_PRODUCTS_DIR; };
		A50000000000000000000015 /* libTuckByteIntegration.a */ = {isa = PBXFileReference; explicitFileType = archive.ar; includeInIndex = 0; path = libTuckByteIntegration.a; sourceTree = BUILT_PRODUCTS_DIR; };
		A50000000000000000000016 /* TuckByte.app */ = {isa = PBXFileReference; explicitFileType = wrapper.application; includeInIndex = 0; path = TuckByte.app; sourceTree = BUILT_PRODUCTS_DIR; };
		A50000000000000000000017 /* TuckByteFinderSync.appex */ = {isa = PBXFileReference; explicitFileType = "wrapper.app-extension"; includeInIndex = 0; path = TuckByteFinderSync.appex; sourceTree = BUILT_PRODUCTS_DIR; };
		A50000000000000000000018 /* ArchiveInPlaceCompressor.swift */ = {isa = PBXFileReference; lastKnownFileType = sourcecode.swift; path = ArchiveInPlaceCompressor.swift; sourceTree = "<group>"; };
/* End PBXFileReference section */

/* Begin PBXFrameworksBuildPhase section */
		A40000000000000000000002 /* Frameworks */ = {isa = PBXFrameworksBuildPhase; buildActionMask = 2147483647; files = (); runOnlyForDeploymentPostprocessing = 0; };
		A40000000000000000000004 /* Frameworks */ = {isa = PBXFrameworksBuildPhase; buildActionMask = 2147483647; files = (); runOnlyForDeploymentPostprocessing = 0; };
		A40000000000000000000008 /* Frameworks */ = {
			isa = PBXFrameworksBuildPhase;
			buildActionMask = 2147483647;
			files = (
				A60000000000000000000010 /* libTuckByteCore.a in Frameworks */,
				A60000000000000000000011 /* libTuckByteIntegration.a in Frameworks */,
			);
			runOnlyForDeploymentPostprocessing = 0;
		};
		A4000000000000000000000B /* Frameworks */ = {
			isa = PBXFrameworksBuildPhase;
			buildActionMask = 2147483647;
			files = (
				A60000000000000000000012 /* libTuckByteIntegration.a in Frameworks */,
			);
			runOnlyForDeploymentPostprocessing = 0;
		};
/* End PBXFrameworksBuildPhase section */

/* Begin PBXGroup section */
		A20000000000000000000001 = {
			isa = PBXGroup;
			children = (
				A20000000000000000000003 /* Sources */,
				A20000000000000000000008 /* Config */,
				A20000000000000000000009 /* Resources */,
				A20000000000000000000002 /* Products */,
			);
			sourceTree = "<group>";
		};
		A20000000000000000000002 /* Products */ = {
			isa = PBXGroup;
			children = (
				A50000000000000000000014 /* libTuckByteCore.a */,
				A50000000000000000000015 /* libTuckByteIntegration.a */,
				A50000000000000000000016 /* TuckByte.app */,
				A50000000000000000000017 /* TuckByteFinderSync.appex */,
			);
			name = Products;
			sourceTree = "<group>";
		};
		A20000000000000000000003 /* Sources */ = {
			isa = PBXGroup;
			children = (
				A20000000000000000000004 /* TuckByteCore */,
				A20000000000000000000005 /* TuckByteIntegration */,
				A20000000000000000000006 /* TuckByte */,
				A20000000000000000000007 /* TuckByteFinderSync */,
			);
			path = Sources;
			sourceTree = "<group>";
		};
		A20000000000000000000004 /* TuckByteCore */ = {
			isa = PBXGroup;
			children = (
				A50000000000000000000001 /* ArchiveBatchExtractor.swift */,
				A50000000000000000000018 /* ArchiveInPlaceCompressor.swift */,
				A50000000000000000000002 /* ArchiveEntry.swift */,
				A50000000000000000000003 /* ArchiveFormat.swift */,
				A50000000000000000000004 /* ArchiveService.swift */,
				A50000000000000000000005 /* CompressionSettings.swift */,
				A50000000000000000000006 /* ShellArchiveService.swift */,
			);
			path = TuckByteCore;
			sourceTree = "<group>";
		};
		A20000000000000000000005 /* TuckByteIntegration */ = {
			isa = PBXGroup;
			children = (
				A50000000000000000000007 /* FinderActionRequest.swift */,
			);
			path = TuckByteIntegration;
			sourceTree = "<group>";
		};
		A20000000000000000000006 /* TuckByte */ = {
			isa = PBXGroup;
			children = (
				A50000000000000000000008 /* ArchiveViewModel.swift */,
				A50000000000000000000009 /* ContentView.swift */,
				A5000000000000000000000A /* FinderActionRouter.swift */,
				A5000000000000000000000B /* FinderIntegrationSettingsView.swift */,
				A5000000000000000000000C /* FinderNotificationService.swift */,
				A5000000000000000000000D /* TuckByteApp.swift */,
				A5000000000000000000000E /* main.swift */,
			);
			path = TuckByte;
			sourceTree = "<group>";
		};
		A20000000000000000000007 /* TuckByteFinderSync */ = {
			isa = PBXGroup;
			children = (
				A5000000000000000000000F /* FinderSync.swift */,
			);
			path = TuckByteFinderSync;
			sourceTree = "<group>";
		};
		A20000000000000000000008 /* Config */ = {
			isa = PBXGroup;
			children = (
				A50000000000000000000010 /* TuckByte-Info.plist */,
				A50000000000000000000011 /* TuckByteFinderSync-Info.plist */,
				A50000000000000000000012 /* TuckByteFinderSync.entitlements */,
			);
			path = Config;
			sourceTree = "<group>";
		};
		A20000000000000000000009 /* Resources */ = {
			isa = PBXGroup;
			children = (
				A50000000000000000000013 /* AppIcon.png */,
			);
			path = Resources;
			sourceTree = "<group>";
		};
/* End PBXGroup section */

/* Begin PBXNativeTarget section */
		A30000000000000000000001 /* TuckByteCore */ = {
			isa = PBXNativeTarget;
			buildConfigurationList = A90000000000000000000002 /* Build configuration list for PBXNativeTarget "TuckByteCore" */;
			buildPhases = (
				A40000000000000000000001 /* Sources */,
				A40000000000000000000002 /* Frameworks */,
			);
			buildRules = ();
			dependencies = ();
			name = TuckByteCore;
			productName = TuckByteCore;
			productReference = A50000000000000000000014 /* libTuckByteCore.a */;
			productType = "com.apple.product-type.library.static";
		};
		A30000000000000000000002 /* TuckByteIntegration */ = {
			isa = PBXNativeTarget;
			buildConfigurationList = A90000000000000000000003 /* Build configuration list for PBXNativeTarget "TuckByteIntegration" */;
			buildPhases = (
				A40000000000000000000003 /* Sources */,
				A40000000000000000000004 /* Frameworks */,
			);
			buildRules = ();
			dependencies = ();
			name = TuckByteIntegration;
			productName = TuckByteIntegration;
			productReference = A50000000000000000000015 /* libTuckByteIntegration.a */;
			productType = "com.apple.product-type.library.static";
		};
		A30000000000000000000003 /* TuckByte */ = {
			isa = PBXNativeTarget;
			buildConfigurationList = A90000000000000000000004 /* Build configuration list for PBXNativeTarget "TuckByte" */;
			buildPhases = (
				A40000000000000000000007 /* Sources */,
				A40000000000000000000008 /* Frameworks */,
				A40000000000000000000009 /* Resources */,
				A40000000000000000000006 /* Embed App Extensions */,
			);
			buildRules = ();
			dependencies = (
				A70000000000000000000005 /* PBXTargetDependency */,
				A70000000000000000000006 /* PBXTargetDependency */,
				A70000000000000000000007 /* PBXTargetDependency */,
			);
			name = TuckByte;
			productName = TuckByte;
			productReference = A50000000000000000000016 /* TuckByte.app */;
			productType = "com.apple.product-type.application";
		};
		A30000000000000000000004 /* TuckByteFinderSync */ = {
			isa = PBXNativeTarget;
			buildConfigurationList = A90000000000000000000005 /* Build configuration list for PBXNativeTarget "TuckByteFinderSync" */;
			buildPhases = (
				A4000000000000000000000A /* Sources */,
				A4000000000000000000000B /* Frameworks */,
				A4000000000000000000000C /* Resources */,
			);
			buildRules = ();
			dependencies = (
				A70000000000000000000008 /* PBXTargetDependency */,
			);
			name = TuckByteFinderSync;
			productName = TuckByteFinderSync;
			productReference = A50000000000000000000017 /* TuckByteFinderSync.appex */;
			productType = "com.apple.product-type.app-extension";
		};
/* End PBXNativeTarget section */

/* Begin PBXProject section */
		A10000000000000000000001 /* Project object */ = {
			isa = PBXProject;
			attributes = {
				BuildIndependentTargetsInParallel = 1;
				LastSwiftUpdateCheck = 1630;
				LastUpgradeCheck = 1630;
				TargetAttributes = {
					A30000000000000000000001 = {CreatedOnToolsVersion = 16.3; };
					A30000000000000000000002 = {CreatedOnToolsVersion = 16.3; };
					A30000000000000000000003 = {CreatedOnToolsVersion = 16.3; };
					A30000000000000000000004 = {CreatedOnToolsVersion = 16.3; };
				};
			};
			buildConfigurationList = A90000000000000000000001 /* Build configuration list for PBXProject "TuckByte" */;
			compatibilityVersion = "Xcode 14.0";
			developmentRegion = en;
			hasScannedForEncodings = 0;
			knownRegions = (
				en,
				Base,
				"zh-Hant",
			);
			mainGroup = A20000000000000000000001;
			productRefGroup = A20000000000000000000002 /* Products */;
			projectDirPath = "";
			projectRoot = "";
			targets = (
				A30000000000000000000001 /* TuckByteCore */,
				A30000000000000000000002 /* TuckByteIntegration */,
				A30000000000000000000003 /* TuckByte */,
				A30000000000000000000004 /* TuckByteFinderSync */,
			);
		};
/* End PBXProject section */

/* Begin PBXResourcesBuildPhase section */
		A40000000000000000000009 /* Resources */ = {isa = PBXResourcesBuildPhase; buildActionMask = 2147483647; files = (); runOnlyForDeploymentPostprocessing = 0; };
		A4000000000000000000000C /* Resources */ = {isa = PBXResourcesBuildPhase; buildActionMask = 2147483647; files = (); runOnlyForDeploymentPostprocessing = 0; };
/* End PBXResourcesBuildPhase section */

/* Begin PBXSourcesBuildPhase section */
		A40000000000000000000001 /* Sources */ = {
			isa = PBXSourcesBuildPhase;
			buildActionMask = 2147483647;
			files = (
				A60000000000000000000001 /* ArchiveBatchExtractor.swift in Sources */,
				A60000000000000000000014 /* ArchiveInPlaceCompressor.swift in Sources */,
				A60000000000000000000002 /* ArchiveEntry.swift in Sources */,
				A60000000000000000000003 /* ArchiveFormat.swift in Sources */,
				A60000000000000000000004 /* ArchiveService.swift in Sources */,
				A60000000000000000000005 /* CompressionSettings.swift in Sources */,
				A60000000000000000000006 /* ShellArchiveService.swift in Sources */,
			);
			runOnlyForDeploymentPostprocessing = 0;
		};
		A40000000000000000000003 /* Sources */ = {
			isa = PBXSourcesBuildPhase;
			buildActionMask = 2147483647;
			files = (
				A60000000000000000000007 /* FinderActionRequest.swift in Sources */,
			);
			runOnlyForDeploymentPostprocessing = 0;
		};
		A40000000000000000000007 /* Sources */ = {
			isa = PBXSourcesBuildPhase;
			buildActionMask = 2147483647;
			files = (
				A60000000000000000000008 /* ArchiveViewModel.swift in Sources */,
				A60000000000000000000009 /* ContentView.swift in Sources */,
				A6000000000000000000000A /* FinderActionRouter.swift in Sources */,
				A6000000000000000000000B /* FinderIntegrationSettingsView.swift in Sources */,
				A6000000000000000000000C /* FinderNotificationService.swift in Sources */,
				A6000000000000000000000D /* TuckByteApp.swift in Sources */,
				A6000000000000000000000E /* main.swift in Sources */,
			);
			runOnlyForDeploymentPostprocessing = 0;
		};
		A4000000000000000000000A /* Sources */ = {
			isa = PBXSourcesBuildPhase;
			buildActionMask = 2147483647;
			files = (
				A6000000000000000000000F /* FinderSync.swift in Sources */,
			);
			runOnlyForDeploymentPostprocessing = 0;
		};
/* End PBXSourcesBuildPhase section */

/* Begin PBXTargetDependency section */
		A70000000000000000000005 /* PBXTargetDependency */ = {isa = PBXTargetDependency; target = A30000000000000000000001 /* TuckByteCore */; targetProxy = A70000000000000000000001 /* PBXContainerItemProxy */; };
		A70000000000000000000006 /* PBXTargetDependency */ = {isa = PBXTargetDependency; target = A30000000000000000000002 /* TuckByteIntegration */; targetProxy = A70000000000000000000002 /* PBXContainerItemProxy */; };
		A70000000000000000000007 /* PBXTargetDependency */ = {isa = PBXTargetDependency; target = A30000000000000000000004 /* TuckByteFinderSync */; targetProxy = A70000000000000000000003 /* PBXContainerItemProxy */; };
		A70000000000000000000008 /* PBXTargetDependency */ = {isa = PBXTargetDependency; target = A30000000000000000000002 /* TuckByteIntegration */; targetProxy = A70000000000000000000004 /* PBXContainerItemProxy */; };
/* End PBXTargetDependency section */

/* Begin XCBuildConfiguration section */
		A80000000000000000000001 /* Debug */ = {
			isa = XCBuildConfiguration;
			buildSettings = {
				ARCHS = "$(ARCHS_STANDARD)";
				CLANG_ENABLE_MODULES = YES;
				MACOSX_DEPLOYMENT_TARGET = 11.0;
				ONLY_ACTIVE_ARCH = YES;
				SDKROOT = macosx;
				SWIFT_VERSION = 5.0;
			};
			name = Debug;
		};
		A80000000000000000000002 /* Release */ = {
			isa = XCBuildConfiguration;
			buildSettings = {
				ARCHS = "$(ARCHS_STANDARD)";
				CLANG_ENABLE_MODULES = YES;
				MACOSX_DEPLOYMENT_TARGET = 11.0;
				ONLY_ACTIVE_ARCH = NO;
				SDKROOT = macosx;
				SWIFT_COMPILATION_MODE = wholemodule;
				SWIFT_OPTIMIZATION_LEVEL = "-O";
				SWIFT_VERSION = 5.0;
			};
			name = Release;
		};
		A80000000000000000000003 /* Debug */ = {
			isa = XCBuildConfiguration;
			buildSettings = {
				DEFINES_MODULE = YES;
				PRODUCT_NAME = "$(TARGET_NAME)";
				SKIP_INSTALL = YES;
				SWIFT_INSTALL_OBJC_HEADER = NO;
			};
			name = Debug;
		};
		A80000000000000000000004 /* Release */ = {
			isa = XCBuildConfiguration;
			buildSettings = {
				DEFINES_MODULE = YES;
				PRODUCT_NAME = "$(TARGET_NAME)";
				SKIP_INSTALL = YES;
				SWIFT_INSTALL_OBJC_HEADER = NO;
			};
			name = Release;
		};
		A80000000000000000000005 /* Debug */ = {
			isa = XCBuildConfiguration;
			buildSettings = {
				DEFINES_MODULE = YES;
				PRODUCT_NAME = "$(TARGET_NAME)";
				SKIP_INSTALL = YES;
				SWIFT_INSTALL_OBJC_HEADER = NO;
			};
			name = Debug;
		};
		A80000000000000000000006 /* Release */ = {
			isa = XCBuildConfiguration;
			buildSettings = {
				DEFINES_MODULE = YES;
				PRODUCT_NAME = "$(TARGET_NAME)";
				SKIP_INSTALL = YES;
				SWIFT_INSTALL_OBJC_HEADER = NO;
			};
			name = Release;
		};
		A80000000000000000000007 /* Debug */ = {
			isa = XCBuildConfiguration;
			buildSettings = {
				ALWAYS_EMBED_SWIFT_STANDARD_LIBRARIES = YES;
				CODE_SIGN_IDENTITY = "-";
				CODE_SIGN_STYLE = Manual;
				CURRENT_PROJECT_VERSION = 1;
				ENABLE_HARDENED_RUNTIME = NO;
				GENERATE_INFOPLIST_FILE = NO;
				INFOPLIST_FILE = "Config/TuckByte-Info.plist";
				LD_RUNPATH_SEARCH_PATHS = (
					"$(inherited)",
					"@executable_path/../Frameworks",
				);
				MARKETING_VERSION = 0.4.0;
				PRODUCT_BUNDLE_IDENTIFIER = com.kuojack.TuckByte;
				PRODUCT_NAME = "$(TARGET_NAME)";
			};
			name = Debug;
		};
		A80000000000000000000008 /* Release */ = {
			isa = XCBuildConfiguration;
			buildSettings = {
				ALWAYS_EMBED_SWIFT_STANDARD_LIBRARIES = YES;
				CODE_SIGN_IDENTITY = "-";
				CODE_SIGN_STYLE = Manual;
				CURRENT_PROJECT_VERSION = 1;
				ENABLE_HARDENED_RUNTIME = NO;
				GENERATE_INFOPLIST_FILE = NO;
				INFOPLIST_FILE = "Config/TuckByte-Info.plist";
				LD_RUNPATH_SEARCH_PATHS = (
					"$(inherited)",
					"@executable_path/../Frameworks",
				);
				MARKETING_VERSION = 0.4.0;
				PRODUCT_BUNDLE_IDENTIFIER = com.kuojack.TuckByte;
				PRODUCT_NAME = "$(TARGET_NAME)";
			};
			name = Release;
		};
		A80000000000000000000009 /* Debug */ = {
			isa = XCBuildConfiguration;
			buildSettings = {
				ALWAYS_EMBED_SWIFT_STANDARD_LIBRARIES = NO;
				APPLICATION_EXTENSION_API_ONLY = YES;
				CODE_SIGN_ENTITLEMENTS = Config/TuckByteFinderSync.entitlements;
				CODE_SIGN_IDENTITY = "-";
				CODE_SIGN_STYLE = Manual;
				CURRENT_PROJECT_VERSION = 1;
				GENERATE_INFOPLIST_FILE = NO;
				INFOPLIST_FILE = "Config/TuckByteFinderSync-Info.plist";
				LD_RUNPATH_SEARCH_PATHS = (
					"$(inherited)",
					"@executable_path/../Frameworks",
					"@executable_path/../../../../Frameworks",
				);
				MARKETING_VERSION = 0.4.0;
				PRODUCT_BUNDLE_IDENTIFIER = com.kuojack.TuckByte.FinderSync;
				PRODUCT_NAME = "$(TARGET_NAME)";
				SKIP_INSTALL = YES;
			};
			name = Debug;
		};
		A8000000000000000000000A /* Release */ = {
			isa = XCBuildConfiguration;
			buildSettings = {
				ALWAYS_EMBED_SWIFT_STANDARD_LIBRARIES = NO;
				APPLICATION_EXTENSION_API_ONLY = YES;
				CODE_SIGN_ENTITLEMENTS = Config/TuckByteFinderSync.entitlements;
				CODE_SIGN_IDENTITY = "-";
				CODE_SIGN_STYLE = Manual;
				CURRENT_PROJECT_VERSION = 1;
				GENERATE_INFOPLIST_FILE = NO;
				INFOPLIST_FILE = "Config/TuckByteFinderSync-Info.plist";
				LD_RUNPATH_SEARCH_PATHS = (
					"$(inherited)",
					"@executable_path/../Frameworks",
					"@executable_path/../../../../Frameworks",
				);
				MARKETING_VERSION = 0.4.0;
				PRODUCT_BUNDLE_IDENTIFIER = com.kuojack.TuckByte.FinderSync;
				PRODUCT_NAME = "$(TARGET_NAME)";
				SKIP_INSTALL = YES;
			};
			name = Release;
		};
/* End XCBuildConfiguration section */

/* Begin XCConfigurationList section */
		A90000000000000000000001 /* Build configuration list for PBXProject "TuckByte" */ = {isa = XCConfigurationList; buildConfigurations = (A80000000000000000000001 /* Debug */, A80000000000000000000002 /* Release */, ); defaultConfigurationIsVisible = 0; defaultConfigurationName = Release; };
		A90000000000000000000002 /* Build configuration list for PBXNativeTarget "TuckByteCore" */ = {isa = XCConfigurationList; buildConfigurations = (A80000000000000000000003 /* Debug */, A80000000000000000000004 /* Release */, ); defaultConfigurationIsVisible = 0; defaultConfigurationName = Release; };
		A90000000000000000000003 /* Build configuration list for PBXNativeTarget "TuckByteIntegration" */ = {isa = XCConfigurationList; buildConfigurations = (A80000000000000000000005 /* Debug */, A80000000000000000000006 /* Release */, ); defaultConfigurationIsVisible = 0; defaultConfigurationName = Release; };
		A90000000000000000000004 /* Build configuration list for PBXNativeTarget "TuckByte" */ = {isa = XCConfigurationList; buildConfigurations = (A80000000000000000000007 /* Debug */, A80000000000000000000008 /* Release */, ); defaultConfigurationIsVisible = 0; defaultConfigurationName = Release; };
		A90000000000000000000005 /* Build configuration list for PBXNativeTarget "TuckByteFinderSync" */ = {isa = XCConfigurationList; buildConfigurations = (A80000000000000000000009 /* Debug */, A8000000000000000000000A /* Release */, ); defaultConfigurationIsVisible = 0; defaultConfigurationName = Release; };
/* End XCConfigurationList section */
	};
	rootObject = A10000000000000000000001 /* Project object */;
}
